// !$*UTF8*$!
{
	archiveVersion = 1;
	classes = {
	};
	objectVersion = 56;
	objects = {

/* Begin PBXBuildFile section */
		047743F928E8F7C2007EDDD7 /* AppDelegate.swift in Sources */ = {isa = PBXBuildFile; fileRef = 047743F828E8F7C2007EDDD7 /* AppDelegate.swift */; };
		047743FB28E8F7C2007EDDD7 /* SceneDelegate.swift in Sources */ = {isa = PBXBuildFile; fileRef = 047743FA28E8F7C2007EDDD7 /* SceneDelegate.swift */; };
		047743FD28E8F7C2007EDDD7 /* ViewController.swift in Sources */ = {isa = PBXBuildFile; fileRef = 047743FC28E8F7C2007EDDD7 /* ViewController.swift */; };
		0477440028E8F7C2007EDDD7 /* Main.storyboard in Resources */ = {isa = PBXBuildFile; fileRef = 047743FE28E8F7C2007EDDD7 /* Main.storyboard */; };
		0477440228E8F7C4007EDDD7 /* Assets.xcassets in Resources */ = {isa = PBXBuildFile; fileRef = 0477440128E8F7C4007EDDD7 /* Assets.xcassets */; };
		0477440528E8F7C4007EDDD7 /* LaunchScreen.storyboard in Resources */ = {isa = PBXBuildFile; fileRef = 0477440328E8F7C4007EDDD7 /* LaunchScreen.storyboard */; };
		0477440E28E8FBC4007EDDD7 /* LocationTableViewCell.swift in Sources */ = {isa = PBXBuildFile; fileRef = 0477440C28E8FBC4007EDDD7 /* LocationTableViewCell.swift */; };
		0477440F28E8FBC4007EDDD7 /* LocationTableViewCell.xib in Resources */ = {isa = PBXBuildFile; fileRef = 0477440D28E8FBC4007EDDD7 /* LocationTableViewCell.xib */; };
/* End PBXBuildFile section */

/* Begin PBXFileReference section */
		047743F528E8F7C2007EDDD7 /* Tourists.app */ = {isa = PBXFileReference; explicitFileType = wrapper.application; includeInIndex = 0; path = Tourists.app; sourceTree = BUILT_PRODUCTS_DIR; };
		047743F828E8F7C2007EDDD7 /* AppDelegate.swift */ = {isa = PBXFileReference; lastKnownFileType = sourcecode.swift; path = AppDelegate.swift; sourceTree = "<group>"; };
		047743FA28E8F7C2007EDDD7 /* SceneDelegate.swift */ = {isa = PBXFileReference; lastKnownFileType = sourcecode.swift; path = SceneDelegate.swift; sourceTree = "<group>"; };
		047743FC28E8F7C2007EDDD7 /* ViewController.swift */ = {isa = PBXFileReference; lastKnownFileType = sourcecode.swift; path = ViewController.swift; sourceTree = "<group>"; };
		047743FF28E8F7C2007EDDD7 /* Base */ = {isa = PBXFileReference; lastKnownFileType = file.storyboard; name = Base; path = Base.lproj/Main.storyboard; sourceTree = "<group>"; };
		0477440128E8F7C4007EDDD7 /* Assets.xcassets */ = {isa = PBXFileReference; lastKnownFileType = folder.assetcatalog; path = Assets.xcassets; sourceTree = "<group>"; };
		0477440428E8F7C4007EDDD7 /* Base */ = {isa = PBXFileReference; lastKnownFileType = file.storyboard; name = Base; path = Base.lproj/LaunchScreen.storyboard; sourceTree = "<group>"; };
		0477440628E8F7C4007EDDD7 /* Info.plist */ = {isa = PBXFileReference; lastKnownFileType = text.plist.xml; path = Info.plist; sourceTree = "<group>"; };
		0477440C28E8FBC4007EDDD7 /* LocationTableViewCell.swift */ = {isa = PBXFileReference; lastKnownFileType = sourcecode.swift; path = LocationTableViewCell.swift; sourceTree = "<group>"; };
		0477440D28E8FBC4007EDDD7 /* LocationTableViewCell.xib */ = {isa = PBXFileReference; lastKnownFileType = file.xib; path = LocationTableViewCell.xib; sourceTree = "<group>"; };
/* End PBXFileReference section */

/* Begin PBXFrameworksBuildPhase section */
		047743F228E8F7C2007EDDD7 /* Frameworks */ = {
			isa = PBXFrameworksBuildPhase;
			buildActionMask = 2147483647;
			files = (
			);
			runOnlyForDeploymentPostprocessing = 0;
		};
/* End PBXFrameworksBuildPhase section */

/* Begin PBXGroup section */
		047743EC28E8F7C1007EDDD7 = {
			isa = PBXGroup;
			children = (
				047743F728E8F7C2007EDDD7 /* Tourists */,
				047743F628E8F7C2007EDDD7 /* Products */,
			);
			sourceTree = "<group>";
		};
		047743F628E8F7C2007EDDD7 /* Products */ = {
			isa = PBXGroup;
			children = (
				047743F528E8F7C2007EDDD7 /* Tourists.app */,
			);
			name = Products;
			sourceTree = "<group>";
		};
		047743F728E8F7C2007EDDD7 /* Tourists */ = {
			isa = PBXGroup;
			children = (
				047743F828E8F7C2007EDDD7 /* AppDelegate.swift */,
				047743FA28E8F7C2007EDDD7 /* SceneDelegate.swift */,
				047743FC28E8F7C2007EDDD7 /* ViewController.swift */,
				047743FE28E8F7C2007EDDD7 /* Main.storyboard */,
				0477440128E8F7C4007EDDD7 /* Assets.xcassets */,
				0477440328E8F7C4007EDDD7 /* LaunchScreen.storyboard */,
				0477440628E8F7C4007EDDD7 /* Info.plist */,
				0477440C28E8FBC4007EDDD7 /* LocationTableViewCell.swift */,
				0477440D28E8FBC4007EDDD7 /* LocationTableViewCell.xib */,
			);
			path = Tourists;
			sourceTree = "<group>";
		};
/* End PBXGroup section */

/* Begin PBXNativeTarget section */
		047743F428E8F7C2007EDDD7 /* Tourists */ = {
			isa = PBXNativeTarget;
			buildConfigurationList = 0477440928E8F7C4007EDDD7 /* Build configuration list for PBXNativeTarget "Tourists" */;
			buildPhases = (
				047743F128E8F7C2007EDDD7 /* Sources */,
				047743F228E8F7C2007EDDD7 /* Frameworks */,
				047743F328E8F7C2007EDDD7 /* Resources */,
			);
			buildRules = (
			);
			dependencies = (
			);
			name = Tourists;
			productName = Tourists;
			productReference = 047743F528E8F7C2007EDDD7 /* Tourists.app */;
			productType = "com.apple.product-type.application";
		};
/* End PBXNativeTarget section */

/* Begin PBXProject section */
		047743ED28E8F7C1007EDDD7 /* Project object */ = {
			isa = PBXProject;
			attributes = {
				BuildIndependentTargetsInParallel = 1;
				LastSwiftUpdateCheck = 1400;
				LastUpgradeCheck = 1400;
				TargetAttributes = {
					047743F428E8F7C2007EDDD7 = {
						CreatedOnToolsVersion = 14.0;
					};
				};
			};
			buildConfigurationList = 047743F028E8F7C1007EDDD7 /* Build configuration list for PBXProject "Tourists" */;
			compatibilityVersion = "Xcode 14.0";
			developmentRegion = en;
			hasScannedForEncodings = 0;
			knownRegions = (
				en,
				Base,
			);
			mainGroup = 047743EC28E8F7C1007EDDD7;
			productRefGroup = 047743F628E8F7C2007EDDD7 /* Products */;
			projectDirPath = "";
			projectRoot = "";
			targets = (
				047743F428E8F7C2007EDDD7 /* Tourists */,
			);
		};
/* End PBXProject section */

/* Begin PBXResourcesBuildPhase section */
		047743F328E8F7C2007EDDD7 /* Resources */ = {
			isa = PBXResourcesBuildPhase;
			buildActionMask = 2147483647;
			files = (
				0477440528E8F7C4007EDDD7 /* LaunchScreen.storyboard in Resources */,
				0477440228E8F7C4007EDDD7 /* Assets.xcassets in Resources */,
				0477440F28E8FBC4007EDDD7 /* LocationTableViewCell.xib in Resources */,
				0477440028E8F7C2007EDDD7 /* Main.storyboard in Resources */,
			);
			runOnlyForDeploymentPostprocessing = 0;
		};
/* End PBXResourcesBuildPhase section */

/* Begin PBXSourcesBuildPhase section */
		047743F128E8F7C2007EDDD7 /* Sources */ = {
			isa = PBXSourcesBuildPhase;
			buildActionMask = 2147483647;
			files = (
				047743FD28E8F7C2007EDDD7 /* ViewController.swift in Sources */,
				047743F928E8F7C2007EDDD7 /* AppDelegate.swift in Sources */,
				0477440E28E8FBC4007EDDD7 /* LocationTableViewCell.swift in Sources */,
				047743FB28E8F7C2007EDDD7 /* SceneDelegate.swift in Sources */,
			);
			runOnlyForDeploymentPostprocessing = 0;
		};
/* End PBXSourcesBuildPhase section */

/* Begin PBXVariantGroup section */
		047743FE28E8F7C2007EDDD7 /* Main.storyboard */ = {
			isa = PBXVariantGroup;
			children = (
				047743FF28E8F7C2007EDDD7 /* Base */,
			);
			name = Main.storyboard;
			sourceTree = "<group>";
		};
		0477440328E8F7C4007EDDD7 /* LaunchScreen.storyboard */ = {
			isa = PBXVariantGroup;
			children = (
				0477440428E8F7C4007EDDD7 /* Base */,
			);
			name = LaunchScreen.storyboard;
			sourceTree = "<group>";
		};
/* End PBXVariantGroup section */

/* Begin XCBuildConfiguration section */
		0477440728E8F7C4007EDDD7 /* Debug */ = {
			isa = XCBuildConfiguration;
			buildSettings = {
				ALWAYS_SEARCH_USER_PATHS = NO;
				CLANG_ANALYZER_NONNULL = YES;
				CLANG_ANALYZER_NUMBER_OBJECT_CONVERSION = YES_AGGRESSIVE;
				CLANG_CXX_LANGUAGE_STANDARD = "gnu++20";
				CLANG_ENABLE_MODULES = YES;
				CLANG_ENABLE_OBJC_ARC = YES;
				CLANG_ENABLE_OBJC_WEAK = YES;
				CLANG_WARN_BLOCK_CAPTURE_AUTORELEASING = YES;
				CLANG_WARN_BOOL_CONVERSION = YES;
				CLANG_WARN_COMMA = YES;
				CLANG_WARN_CONSTANT_CONVERSION = YES;
				CLANG_WARN_DEPRECATED_OBJC_IMPLEMENTATIONS = YES;
				CLANG_WARN_DIRECT_OBJC_ISA_USAGE = YES_ERROR;
				CLANG_WARN_DOCUMENTATION_COMMENTS = YES;
				CLANG_WARN_EMPTY_BODY = YES;
				CLANG_WARN_ENUM_CONVERSION = YES;
				CLANG_WARN_INFINITE_RECURSION = YES;
				CLANG_WARN_INT_CONVERSION = YES;
				CLANG_WARN_NON_LITERAL_NULL_CONVERSION = YES;
				CLANG_WARN_OBJC_IMPLICIT_RETAIN_SELF = YES;
				CLANG_WARN_OBJC_LITERAL_CONVERSION = YES;
				CLANG_WARN_OBJC_ROOT_CLASS = YES_ERROR;
				CLANG_WARN_QUOTED_INCLUDE_IN_FRAMEWORK_HEADER = YES;
				CLANG_WARN_RANGE_LOOP_ANALYSIS = YES;
				CLANG_WARN_STRICT_PROTOTYPES = YES;
				CLANG_WARN_SUSPICIOUS_MOVE = YES;
				CLANG_WARN_UNGUARDED_AVAILABILITY = YES_AGGRESSIVE;
				CLANG_WARN_UNREACHABLE_CODE = YES;
				CLANG_WARN__DUPLICATE_METHOD_MATCH = YES;
				COPY_PHASE_STRIP = NO;
				DEBUG_INFORMATION_FORMAT = dwarf;
				ENABLE_STRICT_OBJC_MSGSEND = YES;
				ENABLE_TESTABILITY = YES;
				GCC_C_LANGUAGE_STANDARD = gnu11;
				GCC_DYNAMIC_NO_PIC = NO;
				GCC_NO_COMMON_BLOCKS = YES;
				GCC_OPTIMIZATION_LEVEL = 0;
				GCC_PREPROCESSOR_DEFINITIONS = (
					"DEBUG=1",
					"$(inherited)",
				);
				GCC_WARN_64_TO_32_BIT_CONVERSION = YES;
				GCC_WARN_ABOUT_RETURN_TYPE = YES_ERROR;
				GCC_WARN_UNDECLARED_SELECTOR = YES;
				GCC_WARN_UNINITIALIZED_AUTOS = YES_AGGRESSIVE;
				GCC_WARN_UNUSED_FUNCTION = YES;
				GCC_WARN_UNUSED_VARIABLE = YES;
				IPHONEOS_DEPLOYMENT_TARGET = 16.0;
				MTL_ENABLE_DEBUG_INFO = INCLUDE_SOURCE;
				MTL_FAST_MATH = YES;
				ONLY_ACTIVE_ARCH = YES;
				SDKROOT = iphoneos;
				SWIFT_ACTIVE_COMPILATION_CONDITIONS = DEBUG;
				SWIFT_OPTIMIZATION_LEVEL = "-Onone";
			};
			name = Debug;
		};
		0477440828E8F7C4007EDDD7 /* Release */ = {
			isa = XCBuildConfiguration;
			buildSettings = {
				ALWAYS_SEARCH_USER_PATHS = NO;
				CLANG_ANALYZER_NONNULL = YES;
				CLANG_ANALYZER_NUMBER_OBJECT_CONVERSION = YES_AGGRESSIVE;
				CLANG_CXX_LANGUAGE_STANDARD = "gnu++20";
				CLANG_ENABLE_MODULES = YES;
				CLANG_ENABLE_OBJC_ARC = YES;
				CLANG_ENABLE_OBJC_WEAK = YES;
				CLANG_WARN_BLOCK_CAPTURE_AUTORELEASING = YES;
				CLANG_WARN_BOOL_CONVERSION = YES;
				CLANG_WARN_COMMA = YES;
				CLANG_WARN_CONSTANT_CONVERSION = YES;
				CLANG_WARN_DEPRECATED_OBJC_IMPLEMENTATIONS = YES;
				CLANG_WARN_DIRECT_OBJC_ISA_USAGE = YES_ERROR;
				CLANG_WARN_DOCUMENTATION_COMMENTS = YES;
				CLANG_WARN_EMPTY_BODY = YES;
				CLANG_WARN_ENUM_CONVERSION = YES;
				CLANG_WARN_INFINITE_RECURSION = YES;
				CLANG_WARN_INT_CONVERSION = YES;
				CLANG_WARN_NON_LITERAL_NULL_CONVERSION = YES;
				CLANG_WARN_OBJC_IMPLICIT_RETAIN_SELF = YES;
				CLANG_WARN_OBJC_LITERAL_CONVERSION = YES;
				CLANG_WARN_OBJC_ROOT_CLASS = YES_ERROR;
				CLANG_WARN_QUOTED_INCLUDE_IN_FRAMEWORK_HEADER = YES;
				CLANG_WARN_RANGE_LOOP_ANALYSIS = YES;
				CLANG_WARN_STRICT_PROTOTYPES = YES;
				CLANG_WARN_SUSPICIOUS_MOVE = YES;
				CLANG_WARN_UNGUARDED_AVAILABILITY = YES_AGGRESSIVE;
				CLANG_WARN_UNREACHABLE_CODE = YES;
				CLANG_WARN__DUPLICATE_METHOD_MATCH = YES;
				COPY_PHASE_STRIP = NO;
				DEBUG_INFORMATION_FORMAT = "dwarf-with-dsym";
				ENABLE_NS_ASSERTIONS = NO;
				ENABLE_STRICT_OBJC_MSGSEND = YES;
				GCC_C_LANGUAGE_STANDARD = gnu11;
				GCC_NO_COMMON_BLOCKS = YES;
				GCC_WARN_64_TO_32_BIT_CONVERSION = YES;
				GCC_WARN_ABOUT_RETURN_TYPE = YES_ERROR;
				GCC_WARN_UNDECLARED_SELECTOR = YES;
				GCC_WARN_UNINITIALIZED_AUTOS = YES_AGGRESSIVE;
				GCC_WARN_UNUSED_FUNCTION = YES;
				GCC_WARN_UNUSED_VARIABLE = YES;
				IPHONEOS_DEPLOYMENT_TARGET = 16.0;
				MTL_ENABLE_DEBUG_INFO = NO;
				MTL_FAST_MATH = YES;
				SDKROOT = iphoneos;
				SWIFT_COMPILATION_MODE = wholemodule;
				SWIFT_OPTIMIZATION_LEVEL = "-O";
				VALIDATE_PRODUCT = YES;
			};
			name = Release;
		};
		0477440A28E8F7C4007EDDD7 /* Debug */ = {
			isa = XCBuildConfiguration;
			buildSettings = {
				ASSETCATALOG_COMPILER_APPICON_NAME = AppIcon;
				ASSETCATALOG_COMPILER_GLOBAL_ACCENT_COLOR_NAME = AccentColor;
				CODE_SIGN_STYLE = Automatic;
				CURRENT_PROJECT_VERSION = 1;
				GENERATE_INFOPLIST_FILE = YES;
				INFOPLIST_FILE = Tourists/Info.plist;
				INFOPLIST_KEY_UIApplicationSupportsIndirectInputEvents = YES;
				INFOPLIST_KEY_UILaunchStoryboardName = LaunchScreen;
				INFOPLIST_KEY_UIMainStoryboardFile = Main;
				INFOPLIST_KEY_UISupportedInterfaceOrientations_iPad = "UIInterfaceOrientationPortrait UIInterfaceOrientationPortraitUpsideDown UIInterfaceOrientationLandscapeLeft UIInterfaceOrientationLandscapeRight";
				INFOPLIST_KEY_UISupportedInterfaceOrientations_iPhone = "UIInterfaceOrientationPortrait UIInterfaceOrientationLandscapeLeft UIInterfaceOrientationLandscapeRight";
				LD_RUNPATH_SEARCH_PATHS = (
					"$(inherited)",
					"@executable_path/Frameworks",
				);
				MARKETING_VERSION = 1.0;
				PRODUCT_BUNDLE_IDENTIFIER = edu.northeastern.rui.Tourists;
				PRODUCT_NAME = "$(TARGET_NAME)";
				SWIFT_EMIT_LOC_STRINGS = YES;
				SWIFT_VERSION = 5.0;
				TARGETED_DEVICE_FAMILY = "1,2";
			};
			name = Debug;
		};
		0477440B28E8F7C4007EDDD7 /* Release */ = {
			isa = XCBuildConfiguration;
			buildSettings = {
				ASSETCATALOG_COMPILER_APPICON_NAME = AppIcon;
				ASSETCATALOG_COMPILER_GLOBAL_ACCENT_COLOR_NAME = AccentColor;
				CODE_SIGN_STYLE = Automatic;
				CURRENT_PROJECT_VERSION = 1;
				GENERATE_INFOPLIST_FILE = YES;
				INFOPLIST_FILE = Tourists/Info.plist;
				INFOPLIST_KEY_UIApplicationSupportsIndirectInputEvents = YES;
				INFOPLIST_KEY_UILaunchStoryboardName = LaunchScreen;
				INFOPLIST_KEY_UIMainStoryboardFile = Main;
				INFOPLIST_KEY_UISupportedInterfaceOrientations_iPad = "UIInterfaceOrientationPortrait UIInterfaceOrientationPortraitUpsideDown UIInterfaceOrientationLandscapeLeft UIInterfaceOrientationLandscapeRight";
				INFOPLIST_KEY_UISupportedInterfaceOrientations_iPhone = "UIInterfaceOrientationPortrait UIInterfaceOrientationLandscapeLeft UIInterfaceOrientationLandscapeRight";
				LD_RUNPATH_SEARCH_PATHS = (
					"$(inherited)",
					"@executable_path/Frameworks",
				);
				MARKETING_VERSION = 1.0;
				PRODUCT_BUNDLE_IDENTIFIER = edu.northeastern.rui.Tourists;
				PRODUCT_NAME = "$(TARGET_NAME)";
				SWIFT_EMIT_LOC_STRINGS = YES;
				SWIFT_VERSION = 5.0;
				TARGETED_DEVICE_FAMILY = "1,2";
			};
			name = Release;
		};
/* End XCBuildConfiguration section */

/* Begin XCConfigurationList section */
		047743F028E8F7C1007EDDD7 /* Build configuration list for PBXProject "Tourists" */ = {
			isa = XCConfigurationList;
			buildConfigurations = (
				0477440728E8F7C4007EDDD7 /* Debug */,
				0477440828E8F7C4007EDDD7 /* Release */,
			);
			defaultConfigurationIsVisible = 0;
			defaultConfigurationName = Release;
		};
		0477440928E8F7C4007EDDD7 /* Build configuration list for PBXNativeTarget "Tourists" */ = {
			isa = XCConfigurationList;
			buildConfigurations = (
				0477440A28E8F7C4007EDDD7 /* Debug */,
				0477440B28E8F7C4007EDDD7 /* Release */,
			);
			defaultConfigurationIsVisible = 0;
			defaultConfigurationName = Release;
		};
/* End XCConfigurationList section */
	};
	rootObject = 047743ED28E8F7C1007EDDD7 /* Project object */;
}
